github.com/evergreen-ci/birch v0.0.0-20191213201306-f4dae6f450a2 h1:78qn/Z5FKa32PD5Fk+PSOzXBRp5tVil+Pc3UGFPn0Ac=
github.com/evergreen-ci/birch v0.0.0-20191213201306-f4dae6f450a2/go.mod h1:IfmR6rcYhoHGAdYS51VEr60p1YzzXJvb7pFtGdNc88A=
github.com/mongodb/ftdc v0.0.0-20250225160627-a5c4e050d9d8 h1:w2m+daUo9WRL2vMBrnWWGY1UebHXEBsROgL9BhQt0cY=
github.com/mongodb/ftdc v0.0.0-20250225160627-a5c4e050d9d8/go.mod h1:lPE03ve1J9f3hJMgRwuo1SMCqbBH1wl8kBzMq08oiZw=
github.com/pkg/errors v0.9.1 h1:FEBLx1zS214owpjy7qsBeixbURkuhQAwrK5UwLGTwt4=
github.com/pkg/errors v0.9.1/go.mod h1:bwawxfHBFNV+L2hUp1rHADufV3IMtnDRdf1r5NINEl0=
go.mongodb.org/mongo-driver/v2 v2.0.0 h1:Jfd7XpdZa9yk3eY774bO7SWVb30noLSirL9nKTpavhI=
go.mongodb.org/mongo-driver/v2 v2.0.0/go.mod h1:nSjmNq4JUstE8IRZKTktLgMHM4F1fccL6HGX1yh+8RA=
